{
  "name": "vue-tesla-range-calculator",
  "version": "0.1.0",
  "lockfileVersion": 1,
  "requires": true,
  "dependencies": {
    "vue-niege": {
      "version": "0.1.1",
      "resolved": "https://registry.npmjs.org/vue-niege/-/vue-niege-0.1.1.tgz",
      "integrity": "sha512-lKYN4pqzzfgGesOfNhCyDGcXYD65mggNmzQiMLbN7q4gnJbVm2H6t370xDRoKfUWD2jx2liWDfmJVqx9mWcjIw=="
    }
  }
}
